{
  "nodes": {
    "beaver-notes-src": {
      "flake": false,
      "locked": {
        "lastModified": 1764926014,
        "narHash": "sha256-5qCVm3563iC6eubUKga+1unAF6YmPHu2lE/pU3ZzgwY=",
        "owner": "Beaver-Notes",
        "repo": "Beaver-Notes",
        "rev": "89eb251e36f5665597804e815ec86b67ff86bec1",
        "type": "github"
      },
      "original": {
        "owner": "Beaver-Notes",
        "repo": "Beaver-Notes",
        "type": "github"
      }
    },
    "home-manager": {
      "inputs": {
        "nixpkgs": [
          "nixpkgs"
        ]
      },
      "locked": {
        "lastModified": 1763992789,
        "narHash": "sha256-WHkdBlw6oyxXIra/vQPYLtqY+3G8dUVZM8bEXk0t8x4=",
        "owner": "nix-community",
        "repo": "home-manager",
        "rev": "44831a7eaba4360fb81f2acc5ea6de5fde90aaa3",
        "type": "github"
      },
      "original": {
        "owner": "nix-community",
        "ref": "release-25.05",
        "repo": "home-manager",
        "type": "github"
      }
    },
    "nixpkgs": {
      "locked": {
        "lastModified": 1764836381,
        "narHash": "sha256-8jemYbbW9EBttQKHep7Rj8kzXaxsrk/lACdXA2DN5Xk=",
        "owner": "NixOS",
        "repo": "nixpkgs",
        "rev": "ff06bd3398fb1bea6c937039ece7e7c8aa396ebf",
        "type": "github"
      },
      "original": {
        "id": "nixpkgs",
        "ref": "nixos-25.05",
        "type": "indirect"
      }
    },
    "nixpkgs-unstable": {
      "locked": {
        "lastModified": 1764667669,
        "narHash": "sha256-7WUCZfmqLAssbDqwg9cUDAXrSoXN79eEEq17qhTNM/Y=",
        "owner": "NixOS",
        "repo": "nixpkgs",
        "rev": "418468ac9527e799809c900eda37cbff999199b6",
        "type": "github"
      },
      "original": {
        "owner": "NixOS",
        "ref": "nixos-unstable",
        "repo": "nixpkgs",
        "type": "github"
      }
    },
    "root": {
      "inputs": {
        "beaver-notes-src": "beaver-notes-src",
        "home-manager": "home-manager",
        "nixpkgs": "nixpkgs",
        "nixpkgs-unstable": "nixpkgs-unstable",
        "silentSDDM": "silentSDDM"
      }
    },
    "silentSDDM": {
      "inputs": {
        "nixpkgs": [
          "nixpkgs"
        ]
      },
      "locked": {
        "lastModified": 1761228832,
        "narHash": "sha256-yOE3CA5VzThSTTtwv4K0iR0BUq1qc9vE6Kxoe0KXplo=",
        "owner": "uiriansan",
        "repo": "SilentSDDM",
        "rev": "e334d92d3512cb5f49d16ca4b0a4baef721f9713",
        "type": "github"
      },
      "original": {
        "owner": "uiriansan",
        "repo": "SilentSDDM",
        "type": "github"
      }
    }
  },
  "root": "root",
  "version": 7
}
